
Microsoft Visual Studio Solution File, Format Version 12.00
# Visual Studio 15
VisualStudioVersion = 15.0.28010.2026
MinimumVisualStudioVersion = 10.0.40219.1
Project("{FAE04EC0-301F-11D3-BF4B-00C04F79EFBC}") = "ProductApps", "ProductApps\ProductApps.csproj", "{A4B86D25-5304-4ADE-B13E-B3140612DDA2}"
EndProject
Global
	GlobalSection(SolutionConfigurationPlatforms) = preSolution
		Debug|Any CPU = Debug|Any CPU
		Release|Any CPU = Release|Any CPU
	EndGlobalSection
	GlobalSection(ProjectConfigurationPlatforms) = postSolution
		{A4B86D25-5304-4ADE-B13E-B3140612DDA2}.Debug|Any CPU.ActiveCfg = Debug|Any CPU
		{A4B86D25-5304-4ADE-B13E-B3140612DDA2}.Debug|Any CPU.Build.0 = Debug|Any CPU
		{A4B86D25-5304-4ADE-B13E-B3140612DDA2}.Release|Any CPU.ActiveCfg = Release|Any CPU
		{A4B86D25-5304-4ADE-B13E-B3140612DDA2}.Release|Any CPU.Build.0 = Release|Any CPU
	EndGlobalSection
	GlobalSection(SolutionProperties) = preSolution
		HideSolutionNode = FALSE
	EndGlobalSection
	GlobalSection(ExtensibilityGlobals) = postSolution
		SolutionGuid = {D69F818E-2EFE-4CA9-A9C4-370AD6B40BF3}
	EndGlobalSection
EndGlobal
