
Microsoft Visual Studio Solution File, Format Version 12.00
# Visual Studio 15
VisualStudioVersion = 15.0.28010.2026
MinimumVisualStudioVersion = 10.0.40219.1
Project("{FAE04EC0-301F-11D3-BF4B-00C04F79EFBC}") = "EntityFrameworkDatabaseFirst", "EntityFrameworkDatabaseFirst\EntityFrameworkDatabaseFirst.csproj", "{140136AA-0CB4-4844-BC07-CEC016930724}"
EndProject
Global
	GlobalSection(SolutionConfigurationPlatforms) = preSolution
		Debug|Any CPU = Debug|Any CPU
		Release|Any CPU = Release|Any CPU
	EndGlobalSection
	GlobalSection(ProjectConfigurationPlatforms) = postSolution
		{140136AA-0CB4-4844-BC07-CEC016930724}.Debug|Any CPU.ActiveCfg = Debug|Any CPU
		{140136AA-0CB4-4844-BC07-CEC016930724}.Debug|Any CPU.Build.0 = Debug|Any CPU
		{140136AA-0CB4-4844-BC07-CEC016930724}.Release|Any CPU.ActiveCfg = Release|Any CPU
		{140136AA-0CB4-4844-BC07-CEC016930724}.Release|Any CPU.Build.0 = Release|Any CPU
	EndGlobalSection
	GlobalSection(SolutionProperties) = preSolution
		HideSolutionNode = FALSE
	EndGlobalSection
	GlobalSection(ExtensibilityGlobals) = postSolution
		SolutionGuid = {252B1311-BB81-456F-AD20-87F7AE6C8938}
	EndGlobalSection
EndGlobal
